
Microsoft Visual Studio Solution File, Format Version 11.00
# Visual Studio 2010
Project("{FAE04EC0-301F-11D3-BF4B-00C04F79EFBC}") = "Release Game", "Assembly-CSharp.csproj", "{378A7127-8A5C-5936-2BB2-8F41F5603BC2}"
EndProject
Global
	GlobalSection(SolutionConfigurationPlatforms) = preSolution
		Debug|Any CPU = Debug|Any CPU
		Release|Any CPU = Release|Any CPU
	EndGlobalSection
	GlobalSection(ProjectConfigurationPlatforms) = postSolution
		{378A7127-8A5C-5936-2BB2-8F41F5603BC2}.Debug|Any CPU.ActiveCfg = Debug|Any CPU
		{378A7127-8A5C-5936-2BB2-8F41F5603BC2}.Debug|Any CPU.Build.0 = Debug|Any CPU
		{378A7127-8A5C-5936-2BB2-8F41F5603BC2}.Release|Any CPU.ActiveCfg = Release|Any CPU
		{378A7127-8A5C-5936-2BB2-8F41F5603BC2}.Release|Any CPU.Build.0 = Release|Any CPU
	EndGlobalSection
	GlobalSection(SolutionProperties) = preSolution
		HideSolutionNode = FALSE
	EndGlobalSection
	GlobalSection(MonoDevelopProperties) = preSolution
		StartupItem = Assembly-CSharp.csproj
	EndGlobalSection
EndGlobal
